<Solution>
  <Folder Name="/Solution Items/">
    <File Path="err.txt" />
    <File Path="RunTests.cmd" />
    <File Path="TestMath_generated.asm" />
  </Folder>
  <Project Path="CSharp.Tests/CSharp.Tests.csproj" />
  <Project Path="CSharp/JumpCS.csproj" />
  <Project Path="TestMath/TestMath.csproj" />
</Solution>
