<Solution>
  <Folder Name="/Solution Items/">
    <File Path="err.txt" />
    <File Path="RunTests.cmd" />
    <File Path="TestMath_cc65/bank_00.c" />
    <File Path="TestMath_generated.asm" />
  </Folder>
  <Project Path="CSharp.Tests/CSharp.Tests.csproj" />
  <Project Path="CSharp/JumpCS.csproj" />
  <Project Path="SpeedConverter/SpeedConverter.csproj" Id="3bc75b4c-3291-4841-84f0-0368c92929a8" />
  <Project Path="TestMath/TestMath.csproj" />
</Solution>
